
Microsoft Visual Studio Solution File, Format Version 12.00
# Visual Studio 15
VisualStudioVersion = 15.0.27428.2002
MinimumVisualStudioVersion = 10.0.40219.1
Project("{FAE04EC0-301F-11D3-BF4B-00C04F79EFBC}") = "App2", "App2\App2.csproj", "{269EC317-DE47-4780-86DA-509955048574}"
EndProject
Global
	GlobalSection(SolutionConfigurationPlatforms) = preSolution
		Debug|ARM = Debug|ARM
		Debug|x64 = Debug|x64
		Debug|x86 = Debug|x86
		Release|ARM = Release|ARM
		Release|x64 = Release|x64
		Release|x86 = Release|x86
	EndGlobalSection
	GlobalSection(ProjectConfigurationPlatforms) = postSolution
		{269EC317-DE47-4780-86DA-509955048574}.Debug|ARM.ActiveCfg = Debug|ARM
		{269EC317-DE47-4780-86DA-509955048574}.Debug|ARM.Build.0 = Debug|ARM
		{269EC317-DE47-4780-86DA-509955048574}.Debug|ARM.Deploy.0 = Debug|ARM
		{269EC317-DE47-4780-86DA-509955048574}.Debug|x64.ActiveCfg = Debug|x64
		{269EC317-DE47-4780-86DA-509955048574}.Debug|x64.Build.0 = Debug|x64
		{269EC317-DE47-4780-86DA-509955048574}.Debug|x64.Deploy.0 = Debug|x64
		{269EC317-DE47-4780-86DA-509955048574}.Debug|x86.ActiveCfg = Debug|x86
		{269EC317-DE47-4780-86DA-509955048574}.Debug|x86.Build.0 = Debug|x86
		{269EC317-DE47-4780-86DA-509955048574}.Debug|x86.Deploy.0 = Debug|x86
		{269EC317-DE47-4780-86DA-509955048574}.Release|ARM.ActiveCfg = Release|ARM
		{269EC317-DE47-4780-86DA-509955048574}.Release|ARM.Build.0 = Release|ARM
		{269EC317-DE47-4780-86DA-509955048574}.Release|ARM.Deploy.0 = Release|ARM
		{269EC317-DE47-4780-86DA-509955048574}.Release|x64.ActiveCfg = Release|x64
		{269EC317-DE47-4780-86DA-509955048574}.Release|x64.Build.0 = Release|x64
		{269EC317-DE47-4780-86DA-509955048574}.Release|x64.Deploy.0 = Release|x64
		{269EC317-DE47-4780-86DA-509955048574}.Release|x86.ActiveCfg = Release|x86
		{269EC317-DE47-4780-86DA-509955048574}.Release|x86.Build.0 = Release|x86
		{269EC317-DE47-4780-86DA-509955048574}.Release|x86.Deploy.0 = Release|x86
	EndGlobalSection
	GlobalSection(SolutionProperties) = preSolution
		HideSolutionNode = FALSE
	EndGlobalSection
	GlobalSection(ExtensibilityGlobals) = postSolution
		SolutionGuid = {EBF2991C-C56F-4C8E-BC20-FE8AC0FF6980}
	EndGlobalSection
EndGlobal
